
Microsoft Visual Studio Solution File, Format Version 12.00
# Visual Studio Version 16
VisualStudioVersion = 16.0.33927.289
MinimumVisualStudioVersion = 10.0.40219.1
Project("{FAE04EC0-301F-11D3-BF4B-00C04F79EFBC}") = "Tyuiu.BreslavskayaIV.Sprint3.Task0.V18", "Tyuiu.BreslavskayaIV.Sprint3.Task0.V18\Tyuiu.BreslavskayaIV.Sprint3.Task0.V18.csproj", "{8F948C45-1BDB-44BF-A215-EBD4CBC0AEA7}"
EndProject
Project("{2150E333-8FDC-42A3-9474-1A3956D46DE8}") = "Task0", "Task0", "{C751C1E3-BF1A-490C-BE98-388F53D55E14}"
EndProject
Project("{FAE04EC0-301F-11D3-BF4B-00C04F79EFBC}") = "Tyuiu.BreslavskayaIV.Sprint3.Task0.V18.Lib", "Tyuiu.BreslavskayaIV.Sprint3.Task0.V18.Lib\Tyuiu.BreslavskayaIV.Sprint3.Task0.V18.Lib.csproj", "{B456397B-BDF4-4119-A13C-D3095E3D0FD9}"
EndProject
Project("{FAE04EC0-301F-11D3-BF4B-00C04F79EFBC}") = "Tyuiu.BreslavskayaIV.Sprint3.Task0.V18.Test", "Tyuiu.BreslavskayaIV.Sprint3.Task0.V18.Test\Tyuiu.BreslavskayaIV.Sprint3.Task0.V18.Test.csproj", "{B8178C18-B5B0-4920-978E-EE4242C532D7}"
EndProject
Project("{2150E333-8FDC-42A3-9474-1A3956D46DE8}") = "Task1", "Task1", "{A4301905-7CD3-4A83-94B2-E823BBA6E6F3}"
EndProject
Project("{FAE04EC0-301F-11D3-BF4B-00C04F79EFBC}") = "Tyuiu.BreslavskayaIV.Sprint3.Task1.V2", "Tyuiu.BreslavskayaIV.Sprint3.Task1.V2\Tyuiu.BreslavskayaIV.Sprint3.Task1.V2.csproj", "{5B158659-2FBE-4217-A2FD-D68FB277EE5B}"
EndProject
Project("{FAE04EC0-301F-11D3-BF4B-00C04F79EFBC}") = "Tyuiu.BreslavskayaIV.Sprint3.Task1.V2.Lib", "Tyuiu.BreslavskayaIV.Sprint3.Task1.V2.Lib\Tyuiu.BreslavskayaIV.Sprint3.Task1.V2.Lib.csproj", "{101E6B92-2478-4B8D-A549-851C82CFCB94}"
EndProject
Project("{FAE04EC0-301F-11D3-BF4B-00C04F79EFBC}") = "Tyuiu.BreslavskayaIV.Sprint3.Task1.V2.Test", "Tyuiu.BreslavskayaIV.Sprint3.Task1.V2.Test\Tyuiu.BreslavskayaIV.Sprint3.Task1.V2.Test.csproj", "{E29B7A90-8C6D-462A-9B46-926C1A5589CA}"
EndProject
Project("{2150E333-8FDC-42A3-9474-1A3956D46DE8}") = "Task2", "Task2", "{1BA6C534-3CA8-4109-86C6-A41B4F997FCB}"
EndProject
Project("{2150E333-8FDC-42A3-9474-1A3956D46DE8}") = "Task3", "Task3", "{A8EE18B7-EBB8-4C5E-A9BA-52B4504AF8F1}"
EndProject
Project("{FAE04EC0-301F-11D3-BF4B-00C04F79EFBC}") = "Tyuiu.BreslavskayaIV.Sprint3.Task2.V19", "Tyuiu.BreslavskayaIV.Sprint3.Task2.V19\Tyuiu.BreslavskayaIV.Sprint3.Task2.V19.csproj", "{F336D005-462A-469A-8F67-C0DEF42CFF6E}"
EndProject
Project("{FAE04EC0-301F-11D3-BF4B-00C04F79EFBC}") = "Tyuiu.BreslavskayaIV.Sprint3.Task2.V19.Lib", "Tyuiu.BreslavskayaIV.Sprint3.Task2.V19.Lib\Tyuiu.BreslavskayaIV.Sprint3.Task2.V19.Lib.csproj", "{E262CF65-0DEC-48AA-BB56-5096A985D6DD}"
EndProject
Project("{FAE04EC0-301F-11D3-BF4B-00C04F79EFBC}") = "Tyuiu.BreslavskayaIV.Sprint3.Task2.V19.Test", "Tyuiu.BreslavskayaIV.Sprint3.Task2.V19.Test\Tyuiu.BreslavskayaIV.Sprint3.Task2.V19.Test.csproj", "{4CF9D580-B499-4860-BD1E-7E74C7122C57}"
EndProject
Project("{FAE04EC0-301F-11D3-BF4B-00C04F79EFBC}") = "Tyuiu.BreslavskayaIV.Sprint3.Task3.V15", "Tyuiu.BreslavskayaIV.Sprint3.Task3.V15\Tyuiu.BreslavskayaIV.Sprint3.Task3.V15.csproj", "{E17BB3A0-BED3-44A4-A9A3-B11E776D3A43}"
EndProject
Project("{FAE04EC0-301F-11D3-BF4B-00C04F79EFBC}") = "Tyuiu.BreslavskayaIV.Sprint3.Task3.V15.Lib", "Tyuiu.BreslavskayaIV.Sprint3.Task3.V15.Lib\Tyuiu.BreslavskayaIV.Sprint3.Task3.V15.Lib.csproj", "{7DAE11BE-1084-4C14-9883-4D5A22FBC836}"
EndProject
Project("{FAE04EC0-301F-11D3-BF4B-00C04F79EFBC}") = "Tyuiu.BreslavskayaIV.Sprint3.Task3.V15.Test", "Tyuiu.BreslavskayaIV.Sprint3.Task3.V15.Test\Tyuiu.BreslavskayaIV.Sprint3.Task3.V15.Test.csproj", "{8397F3C3-9F56-499D-B8D1-321DA7F5F55B}"
EndProject
Project("{2150E333-8FDC-42A3-9474-1A3956D46DE8}") = "Task4", "Task4", "{3FC185C6-EEF8-458C-8725-A9B43A5395CE}"
EndProject
Project("{2150E333-8FDC-42A3-9474-1A3956D46DE8}") = "Task5", "Task5", "{50F34708-FA9C-47AF-BD3E-4846E4DACF33}"
EndProject
Project("{2150E333-8FDC-42A3-9474-1A3956D46DE8}") = "Task6", "Task6", "{F569FE61-3FD4-4F5E-8E4A-4D8997BEF329}"
EndProject
Project("{2150E333-8FDC-42A3-9474-1A3956D46DE8}") = "Task7", "Task7", "{485EA9B9-89B9-4A18-94C8-18432E438106}"
EndProject
Project("{FAE04EC0-301F-11D3-BF4B-00C04F79EFBC}") = "Tyuiu.BreslavskayaIV.Sprint3.Task4.V25", "Tyuiu.BreslavskayaIV.Sprint3.Task4.V25\Tyuiu.BreslavskayaIV.Sprint3.Task4.V25.csproj", "{F403CDA2-8BDF-4DEF-B3E3-4965A73E8E23}"
EndProject
Project("{FAE04EC0-301F-11D3-BF4B-00C04F79EFBC}") = "Tyuiu.BreslavskayaIV.Sprint3.Task4.V25.Lib", "Tyuiu.BreslavskayaIV.Sprint3.Task4.V25.Lib\Tyuiu.BreslavskayaIV.Sprint3.Task4.V25.Lib.csproj", "{BEC17947-38E6-43DB-914D-E2258BCC3552}"
EndProject
Project("{FAE04EC0-301F-11D3-BF4B-00C04F79EFBC}") = "Tyuiu.BreslavskayaIV.Sprint3.Task4.V25.Test", "Tyuiu.BreslavskayaIV.Sprint3.Task4.V25.Test\Tyuiu.BreslavskayaIV.Sprint3.Task4.V25.Test.csproj", "{B5AF8107-5F84-4C15-8BA2-E337458AFE44}"
EndProject
Project("{FAE04EC0-301F-11D3-BF4B-00C04F79EFBC}") = "Tyuiu.BreslavskayaIV.Sprint3.Task5.V20", "Tyuiu.BreslavskayaIV.Sprint3.Task5.V20\Tyuiu.BreslavskayaIV.Sprint3.Task5.V20.csproj", "{9EF69666-8AD9-4757-8CC4-9B1117A115F3}"
EndProject
Project("{FAE04EC0-301F-11D3-BF4B-00C04F79EFBC}") = "Tyuiu.BreslavskayaIV.Sprint3.Task5.V20.Lib", "Tyuiu.BreslavskayaIV.Sprint3.Task5.V20.Lib\Tyuiu.BreslavskayaIV.Sprint3.Task5.V20.Lib.csproj", "{F46A05CC-A659-4F97-9C44-9AA51DA051C9}"
EndProject
Project("{FAE04EC0-301F-11D3-BF4B-00C04F79EFBC}") = "Tyuiu.BreslavskayaIV.Sprint3.Task5.V20.Test", "Tyuiu.BreslavskayaIV.Sprint3.Task5.V20.Test\Tyuiu.BreslavskayaIV.Sprint3.Task5.V20.Test.csproj", "{B3A7A70B-F4D0-49B1-BA86-8023128CC14F}"
EndProject
Project("{FAE04EC0-301F-11D3-BF4B-00C04F79EFBC}") = "Tyuiu.BreslavskayaIV.Sprint3.Task6.V2", "Tyuiu.BreslavskayaIV.Sprint3.Task6.V2\Tyuiu.BreslavskayaIV.Sprint3.Task6.V2.csproj", "{3AA45ADF-F464-4978-B4ED-2FF7513FC0FF}"
EndProject
Project("{FAE04EC0-301F-11D3-BF4B-00C04F79EFBC}") = "Tyuiu.BreslavskayaIV.Sprint3.Task6.V2.Lib", "Tyuiu.BreslavskayaIV.Sprint3.Task6.V2.Lib\Tyuiu.BreslavskayaIV.Sprint3.Task6.V2.Lib.csproj", "{B4AF4CA7-DE94-4DE6-A455-50FA46CAA38E}"
EndProject
Project("{FAE04EC0-301F-11D3-BF4B-00C04F79EFBC}") = "Tyuiu.BreslavskayaIV.Sprint3.Task6.V2.Test", "Tyuiu.BreslavskayaIV.Sprint3.Task6.V2.Test\Tyuiu.BreslavskayaIV.Sprint3.Task6.V2.Test.csproj", "{91DF2D5E-DE49-4A2A-BD13-63EE6556BC31}"
EndProject
Global
	GlobalSection(SolutionConfigurationPlatforms) = preSolution
		Debug|Any CPU = Debug|Any CPU
		Release|Any CPU = Release|Any CPU
	EndGlobalSection
	GlobalSection(ProjectConfigurationPlatforms) = postSolution
		{8F948C45-1BDB-44BF-A215-EBD4CBC0AEA7}.Debug|Any CPU.ActiveCfg = Debug|Any CPU
		{8F948C45-1BDB-44BF-A215-EBD4CBC0AEA7}.Debug|Any CPU.Build.0 = Debug|Any CPU
		{8F948C45-1BDB-44BF-A215-EBD4CBC0AEA7}.Release|Any CPU.ActiveCfg = Release|Any CPU
		{8F948C45-1BDB-44BF-A215-EBD4CBC0AEA7}.Release|Any CPU.Build.0 = Release|Any CPU
		{B456397B-BDF4-4119-A13C-D3095E3D0FD9}.Debug|Any CPU.ActiveCfg = Debug|Any CPU
		{B456397B-BDF4-4119-A13C-D3095E3D0FD9}.Debug|Any CPU.Build.0 = Debug|Any CPU
		{B456397B-BDF4-4119-A13C-D3095E3D0FD9}.Release|Any CPU.ActiveCfg = Release|Any CPU
		{B456397B-BDF4-4119-A13C-D3095E3D0FD9}.Release|Any CPU.Build.0 = Release|Any CPU
		{B8178C18-B5B0-4920-978E-EE4242C532D7}.Debug|Any CPU.ActiveCfg = Debug|Any CPU
		{B8178C18-B5B0-4920-978E-EE4242C532D7}.Debug|Any CPU.Build.0 = Debug|Any CPU
		{B8178C18-B5B0-4920-978E-EE4242C532D7}.Release|Any CPU.ActiveCfg = Release|Any CPU
		{B8178C18-B5B0-4920-978E-EE4242C532D7}.Release|Any CPU.Build.0 = Release|Any CPU
		{5B158659-2FBE-4217-A2FD-D68FB277EE5B}.Debug|Any CPU.ActiveCfg = Debug|Any CPU
		{5B158659-2FBE-4217-A2FD-D68FB277EE5B}.Debug|Any CPU.Build.0 = Debug|Any CPU
		{5B158659-2FBE-4217-A2FD-D68FB277EE5B}.Release|Any CPU.ActiveCfg = Release|Any CPU
		{5B158659-2FBE-4217-A2FD-D68FB277EE5B}.Release|Any CPU.Build.0 = Release|Any CPU
		{101E6B92-2478-4B8D-A549-851C82CFCB94}.Debug|Any CPU.ActiveCfg = Debug|Any CPU
		{101E6B92-2478-4B8D-A549-851C82CFCB94}.Debug|Any CPU.Build.0 = Debug|Any CPU
		{101E6B92-2478-4B8D-A549-851C82CFCB94}.Release|Any CPU.ActiveCfg = Release|Any CPU
		{101E6B92-2478-4B8D-A549-851C82CFCB94}.Release|Any CPU.Build.0 = Release|Any CPU
		{E29B7A90-8C6D-462A-9B46-926C1A5589CA}.Debug|Any CPU.ActiveCfg = Debug|Any CPU
		{E29B7A90-8C6D-462A-9B46-926C1A5589CA}.Debug|Any CPU.Build.0 = Debug|Any CPU
		{E29B7A90-8C6D-462A-9B46-926C1A5589CA}.Release|Any CPU.ActiveCfg = Release|Any CPU
		{E29B7A90-8C6D-462A-9B46-926C1A5589CA}.Release|Any CPU.Build.0 = Release|Any CPU
		{F336D005-462A-469A-8F67-C0DEF42CFF6E}.Debug|Any CPU.ActiveCfg = Debug|Any CPU
		{F336D005-462A-469A-8F67-C0DEF42CFF6E}.Debug|Any CPU.Build.0 = Debug|Any CPU
		{F336D005-462A-469A-8F67-C0DEF42CFF6E}.Release|Any CPU.ActiveCfg = Release|Any CPU
		{F336D005-462A-469A-8F67-C0DEF42CFF6E}.Release|Any CPU.Build.0 = Release|Any CPU
		{E262CF65-0DEC-48AA-BB56-5096A985D6DD}.Debug|Any CPU.ActiveCfg = Debug|Any CPU
		{E262CF65-0DEC-48AA-BB56-5096A985D6DD}.Debug|Any CPU.Build.0 = Debug|Any CPU
		{E262CF65-0DEC-48AA-BB56-5096A985D6DD}.Release|Any CPU.ActiveCfg = Release|Any CPU
		{E262CF65-0DEC-48AA-BB56-5096A985D6DD}.Release|Any CPU.Build.0 = Release|Any CPU
		{4CF9D580-B499-4860-BD1E-7E74C7122C57}.Debug|Any CPU.ActiveCfg = Debug|Any CPU
		{4CF9D580-B499-4860-BD1E-7E74C7122C57}.Debug|Any CPU.Build.0 = Debug|Any CPU
		{4CF9D580-B499-4860-BD1E-7E74C7122C57}.Release|Any CPU.ActiveCfg = Release|Any CPU
		{4CF9D580-B499-4860-BD1E-7E74C7122C57}.Release|Any CPU.Build.0 = Release|Any CPU
		{E17BB3A0-BED3-44A4-A9A3-B11E776D3A43}.Debug|Any CPU.ActiveCfg = Debug|Any CPU
		{E17BB3A0-BED3-44A4-A9A3-B11E776D3A43}.Debug|Any CPU.Build.0 = Debug|Any CPU
		{E17BB3A0-BED3-44A4-A9A3-B11E776D3A43}.Release|Any CPU.ActiveCfg = Release|Any CPU
		{E17BB3A0-BED3-44A4-A9A3-B11E776D3A43}.Release|Any CPU.Build.0 = Release|Any CPU
		{7DAE11BE-1084-4C14-9883-4D5A22FBC836}.Debug|Any CPU.ActiveCfg = Debug|Any CPU
		{7DAE11BE-1084-4C14-9883-4D5A22FBC836}.Debug|Any CPU.Build.0 = Debug|Any CPU
		{7DAE11BE-1084-4C14-9883-4D5A22FBC836}.Release|Any CPU.ActiveCfg = Release|Any CPU
		{7DAE11BE-1084-4C14-9883-4D5A22FBC836}.Release|Any CPU.Build.0 = Release|Any CPU
		{8397F3C3-9F56-499D-B8D1-321DA7F5F55B}.Debug|Any CPU.ActiveCfg = Debug|Any CPU
		{8397F3C3-9F56-499D-B8D1-321DA7F5F55B}.Debug|Any CPU.Build.0 = Debug|Any CPU
		{8397F3C3-9F56-499D-B8D1-321DA7F5F55B}.Release|Any CPU.ActiveCfg = Release|Any CPU
		{8397F3C3-9F56-499D-B8D1-321DA7F5F55B}.Release|Any CPU.Build.0 = Release|Any CPU
		{F403CDA2-8BDF-4DEF-B3E3-4965A73E8E23}.Debug|Any CPU.ActiveCfg = Debug|Any CPU
		{F403CDA2-8BDF-4DEF-B3E3-4965A73E8E23}.Debug|Any CPU.Build.0 = Debug|Any CPU
		{F403CDA2-8BDF-4DEF-B3E3-4965A73E8E23}.Release|Any CPU.ActiveCfg = Release|Any CPU
		{F403CDA2-8BDF-4DEF-B3E3-4965A73E8E23}.Release|Any CPU.Build.0 = Release|Any CPU
		{BEC17947-38E6-43DB-914D-E2258BCC3552}.Debug|Any CPU.ActiveCfg = Debug|Any CPU
		{BEC17947-38E6-43DB-914D-E2258BCC3552}.Debug|Any CPU.Build.0 = Debug|Any CPU
		{BEC17947-38E6-43DB-914D-E2258BCC3552}.Release|Any CPU.ActiveCfg = Release|Any CPU
		{BEC17947-38E6-43DB-914D-E2258BCC3552}.Release|Any CPU.Build.0 = Release|Any CPU
		{B5AF8107-5F84-4C15-8BA2-E337458AFE44}.Debug|Any CPU.ActiveCfg = Debug|Any CPU
		{B5AF8107-5F84-4C15-8BA2-E337458AFE44}.Debug|Any CPU.Build.0 = Debug|Any CPU
		{B5AF8107-5F84-4C15-8BA2-E337458AFE44}.Release|Any CPU.ActiveCfg = Release|Any CPU
		{B5AF8107-5F84-4C15-8BA2-E337458AFE44}.Release|Any CPU.Build.0 = Release|Any CPU
		{9EF69666-8AD9-4757-8CC4-9B1117A115F3}.Debug|Any CPU.ActiveCfg = Debug|Any CPU
		{9EF69666-8AD9-4757-8CC4-9B1117A115F3}.Debug|Any CPU.Build.0 = Debug|Any CPU
		{9EF69666-8AD9-4757-8CC4-9B1117A115F3}.Release|Any CPU.ActiveCfg = Release|Any CPU
		{9EF69666-8AD9-4757-8CC4-9B1117A115F3}.Release|Any CPU.Build.0 = Release|Any CPU
		{F46A05CC-A659-4F97-9C44-9AA51DA051C9}.Debug|Any CPU.ActiveCfg = Debug|Any CPU
		{F46A05CC-A659-4F97-9C44-9AA51DA051C9}.Debug|Any CPU.Build.0 = Debug|Any CPU
		{F46A05CC-A659-4F97-9C44-9AA51DA051C9}.Release|Any CPU.ActiveCfg = Release|Any CPU
		{F46A05CC-A659-4F97-9C44-9AA51DA051C9}.Release|Any CPU.Build.0 = Release|Any CPU
		{B3A7A70B-F4D0-49B1-BA86-8023128CC14F}.Debug|Any CPU.ActiveCfg = Debug|Any CPU
		{B3A7A70B-F4D0-49B1-BA86-8023128CC14F}.Debug|Any CPU.Build.0 = Debug|Any CPU
		{B3A7A70B-F4D0-49B1-BA86-8023128CC14F}.Release|Any CPU.ActiveCfg = Release|Any CPU
		{B3A7A70B-F4D0-49B1-BA86-8023128CC14F}.Release|Any CPU.Build.0 = Release|Any CPU
		{3AA45ADF-F464-4978-B4ED-2FF7513FC0FF}.Debug|Any CPU.ActiveCfg = Debug|Any CPU
		{3AA45ADF-F464-4978-B4ED-2FF7513FC0FF}.Debug|Any CPU.Build.0 = Debug|Any CPU
		{3AA45ADF-F464-4978-B4ED-2FF7513FC0FF}.Release|Any CPU.ActiveCfg = Release|Any CPU
		{3AA45ADF-F464-4978-B4ED-2FF7513FC0FF}.Release|Any CPU.Build.0 = Release|Any CPU
		{B4AF4CA7-DE94-4DE6-A455-50FA46CAA38E}.Debug|Any CPU.ActiveCfg = Debug|Any CPU
		{B4AF4CA7-DE94-4DE6-A455-50FA46CAA38E}.Debug|Any CPU.Build.0 = Debug|Any CPU
		{B4AF4CA7-DE94-4DE6-A455-50FA46CAA38E}.Release|Any CPU.ActiveCfg = Release|Any CPU
		{B4AF4CA7-DE94-4DE6-A455-50FA46CAA38E}.Release|Any CPU.Build.0 = Release|Any CPU
		{91DF2D5E-DE49-4A2A-BD13-63EE6556BC31}.Debug|Any CPU.ActiveCfg = Debug|Any CPU
		{91DF2D5E-DE49-4A2A-BD13-63EE6556BC31}.Debug|Any CPU.Build.0 = Debug|Any CPU
		{91DF2D5E-DE49-4A2A-BD13-63EE6556BC31}.Release|Any CPU.ActiveCfg = Release|Any CPU
		{91DF2D5E-DE49-4A2A-BD13-63EE6556BC31}.Release|Any CPU.Build.0 = Release|Any CPU
	EndGlobalSection
	GlobalSection(SolutionProperties) = preSolution
		HideSolutionNode = FALSE
	EndGlobalSection
	GlobalSection(NestedProjects) = preSolution
		{8F948C45-1BDB-44BF-A215-EBD4CBC0AEA7} = {C751C1E3-BF1A-490C-BE98-388F53D55E14}
		{B456397B-BDF4-4119-A13C-D3095E3D0FD9} = {C751C1E3-BF1A-490C-BE98-388F53D55E14}
		{B8178C18-B5B0-4920-978E-EE4242C532D7} = {C751C1E3-BF1A-490C-BE98-388F53D55E14}
		{5B158659-2FBE-4217-A2FD-D68FB277EE5B} = {A4301905-7CD3-4A83-94B2-E823BBA6E6F3}
		{101E6B92-2478-4B8D-A549-851C82CFCB94} = {A4301905-7CD3-4A83-94B2-E823BBA6E6F3}
		{E29B7A90-8C6D-462A-9B46-926C1A5589CA} = {A4301905-7CD3-4A83-94B2-E823BBA6E6F3}
		{F336D005-462A-469A-8F67-C0DEF42CFF6E} = {1BA6C534-3CA8-4109-86C6-A41B4F997FCB}
		{E262CF65-0DEC-48AA-BB56-5096A985D6DD} = {1BA6C534-3CA8-4109-86C6-A41B4F997FCB}
		{4CF9D580-B499-4860-BD1E-7E74C7122C57} = {1BA6C534-3CA8-4109-86C6-A41B4F997FCB}
		{E17BB3A0-BED3-44A4-A9A3-B11E776D3A43} = {A8EE18B7-EBB8-4C5E-A9BA-52B4504AF8F1}
		{7DAE11BE-1084-4C14-9883-4D5A22FBC836} = {A8EE18B7-EBB8-4C5E-A9BA-52B4504AF8F1}
		{8397F3C3-9F56-499D-B8D1-321DA7F5F55B} = {A8EE18B7-EBB8-4C5E-A9BA-52B4504AF8F1}
		{F403CDA2-8BDF-4DEF-B3E3-4965A73E8E23} = {3FC185C6-EEF8-458C-8725-A9B43A5395CE}
		{BEC17947-38E6-43DB-914D-E2258BCC3552} = {3FC185C6-EEF8-458C-8725-A9B43A5395CE}
		{B5AF8107-5F84-4C15-8BA2-E337458AFE44} = {3FC185C6-EEF8-458C-8725-A9B43A5395CE}
		{9EF69666-8AD9-4757-8CC4-9B1117A115F3} = {50F34708-FA9C-47AF-BD3E-4846E4DACF33}
		{F46A05CC-A659-4F97-9C44-9AA51DA051C9} = {50F34708-FA9C-47AF-BD3E-4846E4DACF33}
		{B3A7A70B-F4D0-49B1-BA86-8023128CC14F} = {50F34708-FA9C-47AF-BD3E-4846E4DACF33}
		{3AA45ADF-F464-4978-B4ED-2FF7513FC0FF} = {F569FE61-3FD4-4F5E-8E4A-4D8997BEF329}
		{B4AF4CA7-DE94-4DE6-A455-50FA46CAA38E} = {F569FE61-3FD4-4F5E-8E4A-4D8997BEF329}
		{91DF2D5E-DE49-4A2A-BD13-63EE6556BC31} = {F569FE61-3FD4-4F5E-8E4A-4D8997BEF329}
	EndGlobalSection
	GlobalSection(ExtensibilityGlobals) = postSolution
		SolutionGuid = {6FDB24B5-7329-4DC5-B36D-7079338F117F}
	EndGlobalSection
EndGlobal
